
Microsoft Visual Studio Solution File, Format Version 12.00
# Visual Studio Version 16
VisualStudioVersion = 16.0.29609.76
MinimumVisualStudioVersion = 10.0.40219.1
Project("{FAE04EC0-301F-11D3-BF4B-00C04F79EFBC}") = "BotDemoWebhook.Web", "BotDemoWebhook\BotDemoWebhook.Web.csproj", "{FCEFB04D-2751-4FB8-98D5-61C392FA3018}"
EndProject
Global
	GlobalSection(SolutionConfigurationPlatforms) = preSolution
		Debug|Any CPU = Debug|Any CPU
		Release|Any CPU = Release|Any CPU
	EndGlobalSection
	GlobalSection(ProjectConfigurationPlatforms) = postSolution
		{FCEFB04D-2751-4FB8-98D5-61C392FA3018}.Debug|Any CPU.ActiveCfg = Debug|Any CPU
		{FCEFB04D-2751-4FB8-98D5-61C392FA3018}.Debug|Any CPU.Build.0 = Debug|Any CPU
		{FCEFB04D-2751-4FB8-98D5-61C392FA3018}.Release|Any CPU.ActiveCfg = Release|Any CPU
		{FCEFB04D-2751-4FB8-98D5-61C392FA3018}.Release|Any CPU.Build.0 = Release|Any CPU
	EndGlobalSection
	GlobalSection(SolutionProperties) = preSolution
		HideSolutionNode = FALSE
	EndGlobalSection
	GlobalSection(ExtensibilityGlobals) = postSolution
		SolutionGuid = {F7561170-916D-48C8-8CB0-629A1D414106}
	EndGlobalSection
EndGlobal
